
Microsoft Visual Studio Solution File, Format Version 11.00
# Visual Studio 2010
Project("{FAE04EC0-301F-11D3-BF4B-00C04F79EFBC}") = "Assembly-CSharp", "Assembly-CSharp.csproj", "{7e052ae5-c59f-793f-6a30-be184169a937}"
EndProject
Project("{FAE04EC0-301F-11D3-BF4B-00C04F79EFBC}") = "Assembly-CSharp-firstpass", "Assembly-CSharp-firstpass.csproj", "{28fe264f-bd9e-c60e-253d-e7e2072192f1}"
EndProject
Project("{FAE04EC0-301F-11D3-BF4B-00C04F79EFBC}") = "Assembly-CSharp-Editor", "Assembly-CSharp-Editor.csproj", "{d682fe92-b365-b357-290f-81ec0f2c9ad8}"
EndProject
Global
	GlobalSection(SolutionConfigurationPlatforms) = preSolution
		Debug|Any CPU = Debug|Any CPU
		Release|Any CPU = Release|Any CPU
	EndGlobalSection
	GlobalSection(ProjectConfigurationPlatforms) = postSolution
		{7e052ae5-c59f-793f-6a30-be184169a937}.Debug|Any CPU.ActiveCfg = Debug|Any CPU
		{7e052ae5-c59f-793f-6a30-be184169a937}.Debug|Any CPU.Build.0 = Debug|Any CPU
		{7e052ae5-c59f-793f-6a30-be184169a937}.Release|Any CPU.ActiveCfg = Release|Any CPU
		{7e052ae5-c59f-793f-6a30-be184169a937}.Release|Any CPU.Build.0 = Release|Any CPU
		{28fe264f-bd9e-c60e-253d-e7e2072192f1}.Debug|Any CPU.ActiveCfg = Debug|Any CPU
		{28fe264f-bd9e-c60e-253d-e7e2072192f1}.Debug|Any CPU.Build.0 = Debug|Any CPU
		{28fe264f-bd9e-c60e-253d-e7e2072192f1}.Release|Any CPU.ActiveCfg = Release|Any CPU
		{28fe264f-bd9e-c60e-253d-e7e2072192f1}.Release|Any CPU.Build.0 = Release|Any CPU
		{d682fe92-b365-b357-290f-81ec0f2c9ad8}.Debug|Any CPU.ActiveCfg = Debug|Any CPU
		{d682fe92-b365-b357-290f-81ec0f2c9ad8}.Debug|Any CPU.Build.0 = Debug|Any CPU
		{d682fe92-b365-b357-290f-81ec0f2c9ad8}.Release|Any CPU.ActiveCfg = Release|Any CPU
		{d682fe92-b365-b357-290f-81ec0f2c9ad8}.Release|Any CPU.Build.0 = Release|Any CPU
	EndGlobalSection
	GlobalSection(SolutionProperties) = preSolution
		HideSolutionNode = FALSE
	EndGlobalSection
EndGlobal
